
Microsoft Visual Studio Solution File, Format Version 12.00
# Visual Studio Version 17
VisualStudioVersion = 17.14.36401.2
MinimumVisualStudioVersion = 10.0.40219.1
Project("{FAE04EC0-301F-11D3-BF4B-00C04F79EFBC}") = "ApiCondominio.Infrastructure", "ApiCondominio.Infrastructure\ApiCondominio.Infrastructure.csproj", "{A32BFF56-209E-42F7-A021-2D0265A85AA3}"
EndProject
Project("{FAE04EC0-301F-11D3-BF4B-00C04F79EFBC}") = "ApiCondominio.Domain", "ApiCondominio.Domain\ApiCondominio.Domain.csproj", "{C49D5AD8-4C99-4057-A075-5D95A790F6F4}"
EndProject
Project("{FAE04EC0-301F-11D3-BF4B-00C04F79EFBC}") = "ApiCondominio.Application", "ApiCondominio.Application\ApiCondominio.Application.csproj", "{1FDD3AF4-97BE-4D82-9820-AC8E51E30337}"
EndProject
Project("{FAE04EC0-301F-11D3-BF4B-00C04F79EFBC}") = "ApiCondominio.API", "ApiCondominio.API\ApiCondominio.API.csproj", "{76B25A60-8F6E-4F01-A1B2-7ECF4EDDCA4C}"
EndProject
Project("{FAE04EC0-301F-11D3-BF4B-00C04F79EFBC}") = "ApiCondominio.Configurations", "ApiCondominio.Configurations\ApiCondominio.Configurations.csproj", "{32E07113-D895-455C-AF44-2A6CC02ED663}"
EndProject
Global
	GlobalSection(SolutionConfigurationPlatforms) = preSolution
		Debug|Any CPU = Debug|Any CPU
		Release|Any CPU = Release|Any CPU
	EndGlobalSection
	GlobalSection(ProjectConfigurationPlatforms) = postSolution
		{A32BFF56-209E-42F7-A021-2D0265A85AA3}.Debug|Any CPU.ActiveCfg = Debug|Any CPU
		{A32BFF56-209E-42F7-A021-2D0265A85AA3}.Debug|Any CPU.Build.0 = Debug|Any CPU
		{A32BFF56-209E-42F7-A021-2D0265A85AA3}.Release|Any CPU.ActiveCfg = Release|Any CPU
		{A32BFF56-209E-42F7-A021-2D0265A85AA3}.Release|Any CPU.Build.0 = Release|Any CPU
		{C49D5AD8-4C99-4057-A075-5D95A790F6F4}.Debug|Any CPU.ActiveCfg = Debug|Any CPU
		{C49D5AD8-4C99-4057-A075-5D95A790F6F4}.Debug|Any CPU.Build.0 = Debug|Any CPU
		{C49D5AD8-4C99-4057-A075-5D95A790F6F4}.Release|Any CPU.ActiveCfg = Release|Any CPU
		{C49D5AD8-4C99-4057-A075-5D95A790F6F4}.Release|Any CPU.Build.0 = Release|Any CPU
		{1FDD3AF4-97BE-4D82-9820-AC8E51E30337}.Debug|Any CPU.ActiveCfg = Debug|Any CPU
		{1FDD3AF4-97BE-4D82-9820-AC8E51E30337}.Debug|Any CPU.Build.0 = Debug|Any CPU
		{1FDD3AF4-97BE-4D82-9820-AC8E51E30337}.Release|Any CPU.ActiveCfg = Release|Any CPU
		{1FDD3AF4-97BE-4D82-9820-AC8E51E30337}.Release|Any CPU.Build.0 = Release|Any CPU
		{76B25A60-8F6E-4F01-A1B2-7ECF4EDDCA4C}.Debug|Any CPU.ActiveCfg = Debug|Any CPU
		{76B25A60-8F6E-4F01-A1B2-7ECF4EDDCA4C}.Debug|Any CPU.Build.0 = Debug|Any CPU
		{76B25A60-8F6E-4F01-A1B2-7ECF4EDDCA4C}.Release|Any CPU.ActiveCfg = Release|Any CPU
		{76B25A60-8F6E-4F01-A1B2-7ECF4EDDCA4C}.Release|Any CPU.Build.0 = Release|Any CPU
		{32E07113-D895-455C-AF44-2A6CC02ED663}.Debug|Any CPU.ActiveCfg = Debug|Any CPU
		{32E07113-D895-455C-AF44-2A6CC02ED663}.Debug|Any CPU.Build.0 = Debug|Any CPU
		{32E07113-D895-455C-AF44-2A6CC02ED663}.Release|Any CPU.ActiveCfg = Release|Any CPU
		{32E07113-D895-455C-AF44-2A6CC02ED663}.Release|Any CPU.Build.0 = Release|Any CPU
	EndGlobalSection
	GlobalSection(SolutionProperties) = preSolution
		HideSolutionNode = FALSE
	EndGlobalSection
	GlobalSection(ExtensibilityGlobals) = postSolution
		SolutionGuid = {356D675A-F3D9-41E8-AF6A-65ACF672EF14}
	EndGlobalSection
EndGlobal
